
Microsoft Visual Studio Solution File, Format Version 12.00
# Visual Studio 15
VisualStudioVersion = 15.0.28307.136
MinimumVisualStudioVersion = 10.0.40219.1
Project("{FAE04EC0-301F-11D3-BF4B-00C04F79EFBC}") = "CSharp", "CSharp.csproj", "{20CE3D0E-4CDF-46AA-A590-908F2944BCC0}"
EndProject
Global
	GlobalSection(SolutionConfigurationPlatforms) = preSolution
		Debug|Any CPU = Debug|Any CPU
		Release|Any CPU = Release|Any CPU
	EndGlobalSection
	GlobalSection(ProjectConfigurationPlatforms) = postSolution
		{20CE3D0E-4CDF-46AA-A590-908F2944BCC0}.Debug|Any CPU.ActiveCfg = Debug|Any CPU
		{20CE3D0E-4CDF-46AA-A590-908F2944BCC0}.Debug|Any CPU.Build.0 = Debug|Any CPU
		{20CE3D0E-4CDF-46AA-A590-908F2944BCC0}.Release|Any CPU.ActiveCfg = Release|Any CPU
		{20CE3D0E-4CDF-46AA-A590-908F2944BCC0}.Release|Any CPU.Build.0 = Release|Any CPU
	EndGlobalSection
	GlobalSection(SolutionProperties) = preSolution
		HideSolutionNode = FALSE
	EndGlobalSection
	GlobalSection(ExtensibilityGlobals) = postSolution
		SolutionGuid = {E43887AF-C695-4E97-8086-C381EFE2DE9C}
	EndGlobalSection
EndGlobal
